{
  "name": "scripts",
  "lockfileVersion": 3,
  "requires": true,
  "packages": {
    "": {
      "dependencies": {
        "@openai/codex-sdk": "^0.46.0"
      }
    },
    "node_modules/@openai/codex-sdk": {
      "version": "0.46.0",
      "resolved": "https://registry.npmjs.org/@openai/codex-sdk/-/codex-sdk-0.46.0.tgz",
      "integrity": "sha512-xCjQnuV13rDqVf3EQa/2BD38qzelOofCFVKpexkO6LVnoYaZin/MTwzSNiAR7k8DTF7AHottgqwNOB8hbYVauA==",
      "engines": {
        "node": ">=18"
      }
    }
  }
}
